version = 1
requires-python = ">=3.10"

[[package]]
name = "cfgv"
version = "3.4.0"
source = { registry = "https://pypi.org/simple" }
sdist = { url = "https://files.pythonhosted.org/packages/11/74/539e56497d9bd1d484fd863dd69cbbfa653cd2aa27abfe35653494d85e94/cfgv-3.4.0.tar.gz", hash = "sha256:e52591d4c5f5dead8e0f673fb16db7949d2cfb3f7da4582893288f0ded8fe560", size = 7114 }
wheels = [
    { url = "https://files.pythonhosted.org/packages/c5/55/51844dd50c4fc7a33b653bfaba4c2456f06955289ca770a5dbd5fd267374/cfgv-3.4.0-py2.py3-none-any.whl", hash = "sha256:b7265b1f29fd3316bfcd2b330d63d024f2bfd8bcb8b0272f8e19a504856c48f9", size = 7249 },
]

[[package]]
name = "cubench"
version = "0.1.0"
source = { editable = "." }
dependencies = [
    { name = "torch" },
    { name = "triton" },
]

[package.dev-dependencies]
dev = [
    { name = "pre-commit" },
]

[package.metadata]
requires-dist = [
    { name = "torch", specifier = ">=2.4.1" },
    { name = "triton" },
]

[package.metadata.requires-dev]
dev = [{ name = "pre-commit", specifier = ">=4.0.1" }]

[[package]]
name = "distlib"
version = "0.3.9"
source = { registry = "https://pypi.org/simple" }
sdist = { url = "https://files.pythonhosted.org/packages/0d/dd/1bec4c5ddb504ca60fc29472f3d27e8d4da1257a854e1d96742f15c1d02d/distlib-0.3.9.tar.gz", hash = "sha256:a60f20dea646b8a33f3e7772f74dc0b2d0772d2837ee1342a00645c81edf9403", size = 613923 }
wheels = [
    { url = "https://files.pythonhosted.org/packages/91/a1/cf2472db20f7ce4a6be1253a81cfdf85ad9c7885ffbed7047fb72c24cf87/distlib-0.3.9-py2.py3-none-any.whl", hash = "sha256:47f8c22fd27c27e25a65601af709b38e4f0a45ea4fc2e710f65755fa8caaaf87", size = 468973 },
]

[[package]]
name = "filelock"
version = "3.16.1"
source = { registry = "https://pypi.org/simple" }
sdist = { url = "https://files.pythonhosted.org/packages/9d/db/3ef5bb276dae18d6ec2124224403d1d67bccdbefc17af4cc8f553e341ab1/filelock-3.16.1.tar.gz", hash = "sha256:c249fbfcd5db47e5e2d6d62198e565475ee65e4831e2561c8e313fa7eb961435", size = 18037 }
wheels = [
    { url = "https://files.pythonhosted.org/packages/b9/f8/feced7779d755758a52d1f6635d990b8d98dc0a29fa568bbe0625f18fdf3/filelock-3.16.1-py3-none-any.whl", hash = "sha256:2082e5703d51fbf98ea75855d9d5527e33d8ff23099bec374a134febee6946b0", size = 16163 },
]

[[package]]
name = "fsspec"
version = "2024.9.0"
source = { registry = "https://pypi.org/simple" }
sdist = { url = "https://files.pythonhosted.org/packages/62/7c/12b0943011daaaa9c35c2a2e22e5eb929ac90002f08f1259d69aedad84de/fsspec-2024.9.0.tar.gz", hash = "sha256:4b0afb90c2f21832df142f292649035d80b421f60a9e1c027802e5a0da2b04e8", size = 286206 }
wheels = [
    { url = "https://files.pythonhosted.org/packages/1d/a0/6aaea0c2fbea2f89bfd5db25fb1e3481896a423002ebe4e55288907a97a3/fsspec-2024.9.0-py3-none-any.whl", hash = "sha256:a0947d552d8a6efa72cc2c730b12c41d043509156966cca4fb157b0f2a0c574b", size = 179253 },
]

[[package]]
name = "identify"
version = "2.6.1"
source = { registry = "https://pypi.org/simple" }
sdist = { url = "https://files.pythonhosted.org/packages/29/bb/25024dbcc93516c492b75919e76f389bac754a3e4248682fba32b250c880/identify-2.6.1.tar.gz", hash = "sha256:91478c5fb7c3aac5ff7bf9b4344f803843dc586832d5f110d672b19aa1984c98", size = 99097 }
wheels = [
    { url = "https://files.pythonhosted.org/packages/7d/0c/4ef72754c050979fdcc06c744715ae70ea37e734816bb6514f79df77a42f/identify-2.6.1-py2.py3-none-any.whl", hash = "sha256:53863bcac7caf8d2ed85bd20312ea5dcfc22226800f6d6881f232d861db5a8f0", size = 98972 },
]

[[package]]
name = "jinja2"
version = "3.1.4"
source = { registry = "https://pypi.org/simple" }
dependencies = [
    { name = "markupsafe" },
]
sdist = { url = "https://files.pythonhosted.org/packages/ed/55/39036716d19cab0747a5020fc7e907f362fbf48c984b14e62127f7e68e5d/jinja2-3.1.4.tar.gz", hash = "sha256:4a3aee7acbbe7303aede8e9648d13b8bf88a429282aa6122a993f0ac800cb369", size = 240245 }
wheels = [
    { url = "https://files.pythonhosted.org/packages/31/80/3a54838c3fb461f6fec263ebf3a3a41771bd05190238de3486aae8540c36/jinja2-3.1.4-py3-none-any.whl", hash = "sha256:bc5dd2abb727a5319567b7a813e6a2e7318c39f4f487cfe6c89c6f9c7d25197d", size = 133271 },
]

[[package]]
name = "markupsafe"
version = "3.0.1"
source = { registry = "https://pypi.org/simple" }
sdist = { url = "https://files.pythonhosted.org/packages/b4/d2/38ff920762f2247c3af5cbbbbc40756f575d9692d381d7c520f45deb9b8f/markupsafe-3.0.1.tar.gz", hash = "sha256:3e683ee4f5d0fa2dde4db77ed8dd8a876686e3fc417655c2ece9a90576905344", size = 20249 }
wheels = [
    { url = "https://files.pythonhosted.org/packages/43/a2/0482d1a157f5f10f72fc4fe8c3be9ffa3651c1f7a12b60a3ab71b2635e13/MarkupSafe-3.0.1-cp310-cp310-macosx_10_9_universal2.whl", hash = "sha256:db842712984e91707437461930e6011e60b39136c7331e971952bb30465bc1a1", size = 14391 },
    { url = "https://files.pythonhosted.org/packages/3b/25/5ea6500d200fd2dc3ea25c765f69dea0a1a8d42ec80a38cd896ad47cb85d/MarkupSafe-3.0.1-cp310-cp310-macosx_11_0_arm64.whl", hash = "sha256:3ffb4a8e7d46ed96ae48805746755fadd0909fea2306f93d5d8233ba23dda12a", size = 12414 },
    { url = "https://files.pythonhosted.org/packages/92/41/cf5397dd6bb18895d148aa402cafa71018f2ffc5f6e9d6e90d85b523c741/MarkupSafe-3.0.1-cp310-cp310-manylinux_2_17_aarch64.manylinux2014_aarch64.whl", hash = "sha256:67c519635a4f64e495c50e3107d9b4075aec33634272b5db1cde839e07367589", size = 21787 },
    { url = "https://files.pythonhosted.org/packages/2e/0d/5d91ef2b4f30afa87483a3a7c108c777d144b1c42d7113459296a8a2bfa0/MarkupSafe-3.0.1-cp310-cp310-manylinux_2_17_x86_64.manylinux2014_x86_64.whl", hash = "sha256:48488d999ed50ba8d38c581d67e496f955821dc183883550a6fbc7f1aefdc170", size = 20954 },
    { url = "https://files.pythonhosted.org/packages/f6/de/12a4110c2c7c7b502fe0e6f911367726dbb7a37e03e207495135d064bb48/MarkupSafe-3.0.1-cp310-cp310-manylinux_2_5_i686.manylinux1_i686.manylinux_2_17_i686.manylinux2014_i686.whl", hash = "sha256:f31ae06f1328595d762c9a2bf29dafd8621c7d3adc130cbb46278079758779ca", size = 21086 },
    { url = "https://files.pythonhosted.org/packages/96/55/59389babc6e8ed206849a9958de9da7c23f3a75d294f46e99624fa38fb79/MarkupSafe-3.0.1-cp310-cp310-musllinux_1_2_aarch64.whl", hash = "sha256:80fcbf3add8790caddfab6764bde258b5d09aefbe9169c183f88a7410f0f6dea", size = 21685 },
    { url = "https://files.pythonhosted.org/packages/3d/cb/cbad5f093e12cd79ceea3e2957ba5bd4c2706810f333d0a3422ab2aef358/MarkupSafe-3.0.1-cp310-cp310-musllinux_1_2_i686.whl", hash = "sha256:3341c043c37d78cc5ae6e3e305e988532b072329639007fd408a476642a89fd6", size = 21348 },
    { url = "https://files.pythonhosted.org/packages/8e/70/e19c4f39d68a52406012ee118667b57efb0bbe6e950be21187cd7a1b4b80/MarkupSafe-3.0.1-cp310-cp310-musllinux_1_2_x86_64.whl", hash = "sha256:cb53e2a99df28eee3b5f4fea166020d3ef9116fdc5764bc5117486e6d1211b25", size = 21098 },
    { url = "https://files.pythonhosted.org/packages/30/95/ca809c01624428d427e9b3a4500f9068eca941e0c520328954ce84ad966a/MarkupSafe-3.0.1-cp310-cp310-win32.whl", hash = "sha256:db15ce28e1e127a0013dfb8ac243a8e392db8c61eae113337536edb28bdc1f97", size = 15075 },
    { url = "https://files.pythonhosted.org/packages/23/41/decb99ab07793656821a86f827a394700ce28402ebb02dc6d003210d9859/MarkupSafe-3.0.1-cp310-cp310-win_amd64.whl", hash = "sha256:4ffaaac913c3f7345579db4f33b0020db693f302ca5137f106060316761beea9", size = 15535 },
    { url = "https://files.pythonhosted.org/packages/ce/af/2f5d88a7fc7226bd34c6e15f6061246ad8cff979da9f19d11bdd0addd8e2/MarkupSafe-3.0.1-cp311-cp311-macosx_10_9_universal2.whl", hash = "sha256:26627785a54a947f6d7336ce5963569b5d75614619e75193bdb4e06e21d447ad", size = 14387 },
    { url = "https://files.pythonhosted.org/packages/8d/43/fd588ef5d192308c5e05974bac659bf6ae29c202b7ea2c4194bcf01eacee/MarkupSafe-3.0.1-cp311-cp311-macosx_11_0_arm64.whl", hash = "sha256:b954093679d5750495725ea6f88409946d69cfb25ea7b4c846eef5044194f583", size = 12410 },
    { url = "https://files.pythonhosted.org/packages/58/26/78f161d602fb03804118905e5faacafc0ec592bbad71aaee62537529813a/MarkupSafe-3.0.1-cp311-cp311-manylinux_2_17_aarch64.manylinux2014_aarch64.whl", hash = "sha256:973a371a55ce9ed333a3a0f8e0bcfae9e0d637711534bcb11e130af2ab9334e7", size = 24006 },
    { url = "https://files.pythonhosted.org/packages/ae/1d/7d5ec8bcfd9c2db235d720fa51d818b7e2abc45250ce5f53dd6cb60409ca/MarkupSafe-3.0.1-cp311-cp311-manylinux_2_17_x86_64.manylinux2014_x86_64.whl", hash = "sha256:244dbe463d5fb6d7ce161301a03a6fe744dac9072328ba9fc82289238582697b", size = 23303 },
    { url = "https://files.pythonhosted.org/packages/26/ce/703ca3b03a709e3bd1fbffa407789e56b9fa664456538092617dd665fc1d/MarkupSafe-3.0.1-cp311-cp311-manylinux_2_5_i686.manylinux1_i686.manylinux_2_17_i686.manylinux2014_i686.whl", hash = "sha256:d98e66a24497637dd31ccab090b34392dddb1f2f811c4b4cd80c230205c074a3", size = 23205 },
    { url = "https://files.pythonhosted.org/packages/88/60/40be0493decabc2344b12d3a709fd6ccdd15a5ebaee1e8d878315d107ad3/MarkupSafe-3.0.1-cp311-cp311-musllinux_1_2_aarch64.whl", hash = "sha256:ad91738f14eb8da0ff82f2acd0098b6257621410dcbd4df20aaa5b4233d75a50", size = 23684 },
    { url = "https://files.pythonhosted.org/packages/6d/f8/8fd52a66e8f62a9add62b4a0b5a3ab4092027437f2ef027f812d94ae91cf/MarkupSafe-3.0.1-cp311-cp311-musllinux_1_2_i686.whl", hash = "sha256:7044312a928a66a4c2a22644147bc61a199c1709712069a344a3fb5cfcf16915", size = 23472 },
    { url = "https://files.pythonhosted.org/packages/d4/0b/998b17b9e06ea45ad1646fea586f1b83d02dfdb14d47dd2fd81fba5a08c9/MarkupSafe-3.0.1-cp311-cp311-musllinux_1_2_x86_64.whl", hash = "sha256:a4792d3b3a6dfafefdf8e937f14906a51bd27025a36f4b188728a73382231d91", size = 23388 },
    { url = "https://files.pythonhosted.org/packages/5a/57/b6b7aa23b2e26d68d601718f8ce3161fbdaf967b31752c7dec52bef828c9/MarkupSafe-3.0.1-cp311-cp311-win32.whl", hash = "sha256:fa7d686ed9883f3d664d39d5a8e74d3c5f63e603c2e3ff0abcba23eac6542635", size = 15106 },
    { url = "https://files.pythonhosted.org/packages/fc/b5/20cb1d714596acb553c810009c8004c809823947da63e13c19a7decfcb6c/MarkupSafe-3.0.1-cp311-cp311-win_amd64.whl", hash = "sha256:9ba25a71ebf05b9bb0e2ae99f8bc08a07ee8e98c612175087112656ca0f5c8bf", size = 15542 },
    { url = "https://files.pythonhosted.org/packages/45/6d/72ed58d42a12bd9fc288dbff6dd8d03ea973a232ac0538d7f88d105b5251/MarkupSafe-3.0.1-cp312-cp312-macosx_10_13_universal2.whl", hash = "sha256:8ae369e84466aa70f3154ee23c1451fda10a8ee1b63923ce76667e3077f2b0c4", size = 14322 },
    { url = "https://files.pythonhosted.org/packages/86/f5/241238f89cdd6461ac9f521af8389f9a48fab97e4f315c69e9e0d52bc919/MarkupSafe-3.0.1-cp312-cp312-macosx_11_0_arm64.whl", hash = "sha256:40f1e10d51c92859765522cbd79c5c8989f40f0419614bcdc5015e7b6bf97fc5", size = 12380 },
    { url = "https://files.pythonhosted.org/packages/27/94/79751928bca5841416d8ca02e22198672e021d5c7120338e2a6e3771f8fc/MarkupSafe-3.0.1-cp312-cp312-manylinux_2_17_aarch64.manylinux2014_aarch64.whl", hash = "sha256:5a4cb365cb49b750bdb60b846b0c0bc49ed62e59a76635095a179d440540c346", size = 24099 },
    { url = "https://files.pythonhosted.org/packages/10/6e/1b8070bbfc467429c7983cd5ffd4ec57e1d501763d974c7caaa0a9a79f4c/MarkupSafe-3.0.1-cp312-cp312-manylinux_2_17_x86_64.manylinux2014_x86_64.whl", hash = "sha256:ee3941769bd2522fe39222206f6dd97ae83c442a94c90f2b7a25d847d40f4729", size = 23249 },
    { url = "https://files.pythonhosted.org/packages/66/50/9389ae6cdff78d7481a2a2641830b5eb1d1f62177550e73355a810a889c9/MarkupSafe-3.0.1-cp312-cp312-manylinux_2_5_i686.manylinux1_i686.manylinux_2_17_i686.manylinux2014_i686.whl", hash = "sha256:62fada2c942702ef8952754abfc1a9f7658a4d5460fabe95ac7ec2cbe0d02abc", size = 23149 },
    { url = "https://files.pythonhosted.org/packages/16/02/5dddff5366fde47133186efb847fa88bddef85914bbe623e25cfeccb3517/MarkupSafe-3.0.1-cp312-cp312-musllinux_1_2_aarch64.whl", hash = "sha256:4c2d64fdba74ad16138300815cfdc6ab2f4647e23ced81f59e940d7d4a1469d9", size = 23864 },
    { url = "https://files.pythonhosted.org/packages/f3/f1/700ee6655561cfda986e03f7afc309e3738918551afa7dedd99225586227/MarkupSafe-3.0.1-cp312-cp312-musllinux_1_2_i686.whl", hash = "sha256:fb532dd9900381d2e8f48172ddc5a59db4c445a11b9fab40b3b786da40d3b56b", size = 23440 },
    { url = "https://files.pythonhosted.org/packages/fb/3e/d26623ac7f16709823b4c80e0b4a1c9196eeb46182a6c1d47b5e0c8434f4/MarkupSafe-3.0.1-cp312-cp312-musllinux_1_2_x86_64.whl", hash = "sha256:0f84af7e813784feb4d5e4ff7db633aba6c8ca64a833f61d8e4eade234ef0c38", size = 23610 },
    { url = "https://files.pythonhosted.org/packages/51/04/1f8da0810c39cb9fcff96b6baed62272c97065e9cf11471965a161439e20/MarkupSafe-3.0.1-cp312-cp312-win32.whl", hash = "sha256:cbf445eb5628981a80f54087f9acdbf84f9b7d862756110d172993b9a5ae81aa", size = 15113 },
    { url = "https://files.pythonhosted.org/packages/eb/24/a36dc37365bdd358b1e583cc40475593e36ab02cb7da6b3d0b9c05b0da7a/MarkupSafe-3.0.1-cp312-cp312-win_amd64.whl", hash = "sha256:a10860e00ded1dd0a65b83e717af28845bb7bd16d8ace40fe5531491de76b79f", size = 15611 },
    { url = "https://files.pythonhosted.org/packages/b1/60/4572a8aa1beccbc24b133aa0670781a5d2697f4fa3fecf0a87b46383174b/MarkupSafe-3.0.1-cp313-cp313-macosx_10_13_universal2.whl", hash = "sha256:e81c52638315ff4ac1b533d427f50bc0afc746deb949210bc85f05d4f15fd772", size = 14325 },
    { url = "https://files.pythonhosted.org/packages/38/42/849915b99a765ec104bfd07ee933de5fc9c58fa9570efa7db81717f495d8/MarkupSafe-3.0.1-cp313-cp313-macosx_11_0_arm64.whl", hash = "sha256:312387403cd40699ab91d50735ea7a507b788091c416dd007eac54434aee51da", size = 12373 },
    { url = "https://files.pythonhosted.org/packages/ef/82/4caaebd963c6d60b28e4445f38841d24f8b49bc10594a09956c9d73bfc08/MarkupSafe-3.0.1-cp313-cp313-manylinux_2_17_aarch64.manylinux2014_aarch64.whl", hash = "sha256:2ae99f31f47d849758a687102afdd05bd3d3ff7dbab0a8f1587981b58a76152a", size = 24059 },
    { url = "https://files.pythonhosted.org/packages/20/15/6b319be2f79fcfa3173f479d69f4e950b5c9b642db4f22cf73ae5ade745f/MarkupSafe-3.0.1-cp313-cp313-manylinux_2_17_x86_64.manylinux2014_x86_64.whl", hash = "sha256:c97ff7fedf56d86bae92fa0a646ce1a0ec7509a7578e1ed238731ba13aabcd1c", size = 23211 },
    { url = "https://files.pythonhosted.org/packages/9d/3f/8963bdf4962feb2154475acb7dc350f04217b5e0be7763a39b432291e229/MarkupSafe-3.0.1-cp313-cp313-manylinux_2_5_i686.manylinux1_i686.manylinux_2_17_i686.manylinux2014_i686.whl", hash = "sha256:a7420ceda262dbb4b8d839a4ec63d61c261e4e77677ed7c66c99f4e7cb5030dd", size = 23095 },
    { url = "https://files.pythonhosted.org/packages/af/93/f770bc70953d32de0c6ce4bcb76271512123a1ead91aaef625a020c5bfaf/MarkupSafe-3.0.1-cp313-cp313-musllinux_1_2_aarch64.whl", hash = "sha256:45d42d132cff577c92bfba536aefcfea7e26efb975bd455db4e6602f5c9f45e7", size = 23901 },
    { url = "https://files.pythonhosted.org/packages/11/92/1e5a33aa0a1190161238628fb68eb1bc5e67b56a5c89f0636328704b463a/MarkupSafe-3.0.1-cp313-cp313-musllinux_1_2_i686.whl", hash = "sha256:4c8817557d0de9349109acb38b9dd570b03cc5014e8aabf1cbddc6e81005becd", size = 23463 },
    { url = "https://files.pythonhosted.org/packages/0d/fe/657efdfe385d2a3a701f2c4fcc9577c63c438aeefdd642d0d956c4ecd225/MarkupSafe-3.0.1-cp313-cp313-musllinux_1_2_x86_64.whl", hash = "sha256:6a54c43d3ec4cf2a39f4387ad044221c66a376e58c0d0e971d47c475ba79c6b5", size = 23569 },
    { url = "https://files.pythonhosted.org/packages/cf/24/587dea40304046ace60f846cedaebc0d33d967a3ce46c11395a10e7a78ba/MarkupSafe-3.0.1-cp313-cp313-win32.whl", hash = "sha256:c91b394f7601438ff79a4b93d16be92f216adb57d813a78be4446fe0f6bc2d8c", size = 15117 },
    { url = "https://files.pythonhosted.org/packages/32/8f/d8961d633f26a011b4fe054f3bfff52f673423b8c431553268741dfb089e/MarkupSafe-3.0.1-cp313-cp313-win_amd64.whl", hash = "sha256:fe32482b37b4b00c7a52a07211b479653b7fe4f22b2e481b9a9b099d8a430f2f", size = 15613 },
    { url = "https://files.pythonhosted.org/packages/9e/93/d6367ffbcd0c5c371370767f768eaa32af60bc411245b8517e383c6a2b12/MarkupSafe-3.0.1-cp313-cp313t-macosx_10_13_universal2.whl", hash = "sha256:17b2aea42a7280db02ac644db1d634ad47dcc96faf38ab304fe26ba2680d359a", size = 14563 },
    { url = "https://files.pythonhosted.org/packages/4a/37/f813c3835747dec08fe19ac9b9eced01fdf93a4b3e626521675dc7f423a9/MarkupSafe-3.0.1-cp313-cp313t-macosx_11_0_arm64.whl", hash = "sha256:852dc840f6d7c985603e60b5deaae1d89c56cb038b577f6b5b8c808c97580f1d", size = 12505 },
    { url = "https://files.pythonhosted.org/packages/72/bf/800b4d1580298ca91ccd6c95915bbd147142dad1b8cf91d57b93b28670dd/MarkupSafe-3.0.1-cp313-cp313t-manylinux_2_17_aarch64.manylinux2014_aarch64.whl", hash = "sha256:0778de17cff1acaeccc3ff30cd99a3fd5c50fc58ad3d6c0e0c4c58092b859396", size = 25358 },
    { url = "https://files.pythonhosted.org/packages/fd/78/26e209abc8f0a379f031f0acc151231974e5b153d7eda5759d17d8f329f2/MarkupSafe-3.0.1-cp313-cp313t-manylinux_2_17_x86_64.manylinux2014_x86_64.whl", hash = "sha256:800100d45176652ded796134277ecb13640c1a537cad3b8b53da45aa96330453", size = 23797 },
    { url = "https://files.pythonhosted.org/packages/09/e1/918496a9390891756efee818880e71c1bbaf587f4dc8ede3f3852357310a/MarkupSafe-3.0.1-cp313-cp313t-manylinux_2_5_i686.manylinux1_i686.manylinux_2_17_i686.manylinux2014_i686.whl", hash = "sha256:d06b24c686a34c86c8c1fba923181eae6b10565e4d80bdd7bc1c8e2f11247aa4", size = 23743 },
    { url = "https://files.pythonhosted.org/packages/cd/c6/26f576cd58d6c2decd9045e4e3f3c5dbc01ea6cb710916e7bbb6ebd95b6b/MarkupSafe-3.0.1-cp313-cp313t-musllinux_1_2_aarch64.whl", hash = "sha256:33d1c36b90e570ba7785dacd1faaf091203d9942bc036118fab8110a401eb1a8", size = 25076 },
    { url = "https://files.pythonhosted.org/packages/b5/fa/10b24fb3b0e15fe5389dc88ecc6226ede08297e0ba7130610efbe0cdfb27/MarkupSafe-3.0.1-cp313-cp313t-musllinux_1_2_i686.whl", hash = "sha256:beeebf760a9c1f4c07ef6a53465e8cfa776ea6a2021eda0d0417ec41043fe984", size = 24037 },
    { url = "https://files.pythonhosted.org/packages/c8/81/4b3f5537d9f6cc4f5c80d6c4b78af9a5247fd37b5aba95807b2cbc336b9a/MarkupSafe-3.0.1-cp313-cp313t-musllinux_1_2_x86_64.whl", hash = "sha256:bbde71a705f8e9e4c3e9e33db69341d040c827c7afa6789b14c6e16776074f5a", size = 24015 },
    { url = "https://files.pythonhosted.org/packages/5f/07/8e8dcecd53216c5e01a51e84c32a2bce166690ed19c184774b38cd41921d/MarkupSafe-3.0.1-cp313-cp313t-win32.whl", hash = "sha256:82b5dba6eb1bcc29cc305a18a3c5365d2af06ee71b123216416f7e20d2a84e5b", size = 15213 },
    { url = "https://files.pythonhosted.org/packages/0d/87/4c364e0f109eea2402079abecbe33fef4f347b551a11423d1f4e187ea497/MarkupSafe-3.0.1-cp313-cp313t-win_amd64.whl", hash = "sha256:730d86af59e0e43ce277bb83970530dd223bf7f2a838e086b50affa6ec5f9295", size = 15741 },
]

[[package]]
name = "mpmath"
version = "1.3.0"
source = { registry = "https://pypi.org/simple" }
sdist = { url = "https://files.pythonhosted.org/packages/e0/47/dd32fa426cc72114383ac549964eecb20ecfd886d1e5ccf5340b55b02f57/mpmath-1.3.0.tar.gz", hash = "sha256:7a28eb2a9774d00c7bc92411c19a89209d5da7c4c9a9e227be8330a23a25b91f", size = 508106 }
wheels = [
    { url = "https://files.pythonhosted.org/packages/43/e3/7d92a15f894aa0c9c4b49b8ee9ac9850d6e63b03c9c32c0367a13ae62209/mpmath-1.3.0-py3-none-any.whl", hash = "sha256:a0b2b9fe80bbcd81a6647ff13108738cfb482d481d826cc0e02f5b35e5c88d2c", size = 536198 },
]

[[package]]
name = "networkx"
version = "3.3"
source = { registry = "https://pypi.org/simple" }
sdist = { url = "https://files.pythonhosted.org/packages/04/e6/b164f94c869d6b2c605b5128b7b0cfe912795a87fc90e78533920001f3ec/networkx-3.3.tar.gz", hash = "sha256:0c127d8b2f4865f59ae9cb8aafcd60b5c70f3241ebd66f7defad7c4ab90126c9", size = 2126579 }
wheels = [
    { url = "https://files.pythonhosted.org/packages/38/e9/5f72929373e1a0e8d142a130f3f97e6ff920070f87f91c4e13e40e0fba5a/networkx-3.3-py3-none-any.whl", hash = "sha256:28575580c6ebdaf4505b22c6256a2b9de86b316dc63ba9e93abde3d78dfdbcf2", size = 1702396 },
]

[[package]]
name = "nodeenv"
version = "1.9.1"
source = { registry = "https://pypi.org/simple" }
sdist = { url = "https://files.pythonhosted.org/packages/43/16/fc88b08840de0e0a72a2f9d8c6bae36be573e475a6326ae854bcc549fc45/nodeenv-1.9.1.tar.gz", hash = "sha256:6ec12890a2dab7946721edbfbcd91f3319c6ccc9aec47be7c7e6b7011ee6645f", size = 47437 }
wheels = [
    { url = "https://files.pythonhosted.org/packages/d2/1d/1b658dbd2b9fa9c4c9f32accbfc0205d532c8c6194dc0f2a4c0428e7128a/nodeenv-1.9.1-py2.py3-none-any.whl", hash = "sha256:ba11c9782d29c27c70ffbdda2d7415098754709be8a7056d79a737cd901155c9", size = 22314 },
]

[[package]]
name = "nvidia-cublas-cu12"
version = "12.1.3.1"
source = { registry = "https://pypi.org/simple" }
wheels = [
    { url = "https://files.pythonhosted.org/packages/37/6d/121efd7382d5b0284239f4ab1fc1590d86d34ed4a4a2fdb13b30ca8e5740/nvidia_cublas_cu12-12.1.3.1-py3-none-manylinux1_x86_64.whl", hash = "sha256:ee53ccca76a6fc08fb9701aa95b6ceb242cdaab118c3bb152af4e579af792728", size = 410594774 },
    { url = "https://files.pythonhosted.org/packages/c5/ef/32a375b74bea706c93deea5613552f7c9104f961b21df423f5887eca713b/nvidia_cublas_cu12-12.1.3.1-py3-none-win_amd64.whl", hash = "sha256:2b964d60e8cf11b5e1073d179d85fa340c120e99b3067558f3cf98dd69d02906", size = 439918445 },
]

[[package]]
name = "nvidia-cuda-cupti-cu12"
version = "12.1.105"
source = { registry = "https://pypi.org/simple" }
wheels = [
    { url = "https://files.pythonhosted.org/packages/7e/00/6b218edd739ecfc60524e585ba8e6b00554dd908de2c9c66c1af3e44e18d/nvidia_cuda_cupti_cu12-12.1.105-py3-none-manylinux1_x86_64.whl", hash = "sha256:e54fde3983165c624cb79254ae9818a456eb6e87a7fd4d56a2352c24ee542d7e", size = 14109015 },
    { url = "https://files.pythonhosted.org/packages/d0/56/0021e32ea2848c24242f6b56790bd0ccc8bf99f973ca790569c6ca028107/nvidia_cuda_cupti_cu12-12.1.105-py3-none-win_amd64.whl", hash = "sha256:bea8236d13a0ac7190bd2919c3e8e6ce1e402104276e6f9694479e48bb0eb2a4", size = 10154340 },
]

[[package]]
name = "nvidia-cuda-nvrtc-cu12"
version = "12.1.105"
source = { registry = "https://pypi.org/simple" }
wheels = [
    { url = "https://files.pythonhosted.org/packages/b6/9f/c64c03f49d6fbc56196664d05dba14e3a561038a81a638eeb47f4d4cfd48/nvidia_cuda_nvrtc_cu12-12.1.105-py3-none-manylinux1_x86_64.whl", hash = "sha256:339b385f50c309763ca65456ec75e17bbefcbbf2893f462cb8b90584cd27a1c2", size = 23671734 },
    { url = "https://files.pythonhosted.org/packages/ad/1d/f76987c4f454eb86e0b9a0e4f57c3bf1ac1d13ad13cd1a4da4eb0e0c0ce9/nvidia_cuda_nvrtc_cu12-12.1.105-py3-none-win_amd64.whl", hash = "sha256:0a98a522d9ff138b96c010a65e145dc1b4850e9ecb75a0172371793752fd46ed", size = 19331863 },
]

[[package]]
name = "nvidia-cuda-runtime-cu12"
version = "12.1.105"
source = { registry = "https://pypi.org/simple" }
wheels = [
    { url = "https://files.pythonhosted.org/packages/eb/d5/c68b1d2cdfcc59e72e8a5949a37ddb22ae6cade80cd4a57a84d4c8b55472/nvidia_cuda_runtime_cu12-12.1.105-py3-none-manylinux1_x86_64.whl", hash = "sha256:6e258468ddf5796e25f1dc591a31029fa317d97a0a94ed93468fc86301d61e40", size = 823596 },
    { url = "https://files.pythonhosted.org/packages/9f/e2/7a2b4b5064af56ea8ea2d8b2776c0f2960d95c88716138806121ae52a9c9/nvidia_cuda_runtime_cu12-12.1.105-py3-none-win_amd64.whl", hash = "sha256:dfb46ef84d73fababab44cf03e3b83f80700d27ca300e537f85f636fac474344", size = 821226 },
]

[[package]]
name = "nvidia-cudnn-cu12"
version = "9.1.0.70"
source = { registry = "https://pypi.org/simple" }
dependencies = [
    { name = "nvidia-cublas-cu12" },
]
wheels = [
    { url = "https://files.pythonhosted.org/packages/9f/fd/713452cd72343f682b1c7b9321e23829f00b842ceaedcda96e742ea0b0b3/nvidia_cudnn_cu12-9.1.0.70-py3-none-manylinux2014_x86_64.whl", hash = "sha256:165764f44ef8c61fcdfdfdbe769d687e06374059fbb388b6c89ecb0e28793a6f", size = 664752741 },
    { url = "https://files.pythonhosted.org/packages/3f/d0/f90ee6956a628f9f04bf467932c0a25e5a7e706a684b896593c06c82f460/nvidia_cudnn_cu12-9.1.0.70-py3-none-win_amd64.whl", hash = "sha256:6278562929433d68365a07a4a1546c237ba2849852c0d4b2262a486e805b977a", size = 679925892 },
]

[[package]]
name = "nvidia-cufft-cu12"
version = "11.0.2.54"
source = { registry = "https://pypi.org/simple" }
wheels = [
    { url = "https://files.pythonhosted.org/packages/86/94/eb540db023ce1d162e7bea9f8f5aa781d57c65aed513c33ee9a5123ead4d/nvidia_cufft_cu12-11.0.2.54-py3-none-manylinux1_x86_64.whl", hash = "sha256:794e3948a1aa71fd817c3775866943936774d1c14e7628c74f6f7417224cdf56", size = 121635161 },
    { url = "https://files.pythonhosted.org/packages/f7/57/7927a3aa0e19927dfed30256d1c854caf991655d847a4e7c01fe87e3d4ac/nvidia_cufft_cu12-11.0.2.54-py3-none-win_amd64.whl", hash = "sha256:d9ac353f78ff89951da4af698f80870b1534ed69993f10a4cf1d96f21357e253", size = 121344196 },
]

[[package]]
name = "nvidia-curand-cu12"
version = "10.3.2.106"
source = { registry = "https://pypi.org/simple" }
wheels = [
    { url = "https://files.pythonhosted.org/packages/44/31/4890b1c9abc496303412947fc7dcea3d14861720642b49e8ceed89636705/nvidia_curand_cu12-10.3.2.106-py3-none-manylinux1_x86_64.whl", hash = "sha256:9d264c5036dde4e64f1de8c50ae753237c12e0b1348738169cd0f8a536c0e1e0", size = 56467784 },
    { url = "https://files.pythonhosted.org/packages/5c/97/4c9c7c79efcdf5b70374241d48cf03b94ef6707fd18ea0c0f53684931d0b/nvidia_curand_cu12-10.3.2.106-py3-none-win_amd64.whl", hash = "sha256:75b6b0c574c0037839121317e17fd01f8a69fd2ef8e25853d826fec30bdba74a", size = 55995813 },
]

[[package]]
name = "nvidia-cusolver-cu12"
version = "11.4.5.107"
source = { registry = "https://pypi.org/simple" }
dependencies = [
    { name = "nvidia-cublas-cu12" },
    { name = "nvidia-cusparse-cu12" },
    { name = "nvidia-nvjitlink-cu12" },
]
wheels = [
    { url = "https://files.pythonhosted.org/packages/bc/1d/8de1e5c67099015c834315e333911273a8c6aaba78923dd1d1e25fc5f217/nvidia_cusolver_cu12-11.4.5.107-py3-none-manylinux1_x86_64.whl", hash = "sha256:8a7ec542f0412294b15072fa7dab71d31334014a69f953004ea7a118206fe0dd", size = 124161928 },
    { url = "https://files.pythonhosted.org/packages/b8/80/8fca0bf819122a631c3976b6fc517c1b10741b643b94046bd8dd451522c5/nvidia_cusolver_cu12-11.4.5.107-py3-none-win_amd64.whl", hash = "sha256:74e0c3a24c78612192a74fcd90dd117f1cf21dea4822e66d89e8ea80e3cd2da5", size = 121643081 },
]

[[package]]
name = "nvidia-cusparse-cu12"
version = "12.1.0.106"
source = { registry = "https://pypi.org/simple" }
dependencies = [
    { name = "nvidia-nvjitlink-cu12" },
]
wheels = [
    { url = "https://files.pythonhosted.org/packages/65/5b/cfaeebf25cd9fdec14338ccb16f6b2c4c7fa9163aefcf057d86b9cc248bb/nvidia_cusparse_cu12-12.1.0.106-py3-none-manylinux1_x86_64.whl", hash = "sha256:f3b50f42cf363f86ab21f720998517a659a48131e8d538dc02f8768237bd884c", size = 195958278 },
    { url = "https://files.pythonhosted.org/packages/0f/95/48fdbba24c93614d1ecd35bc6bdc6087bd17cbacc3abc4b05a9c2a1ca232/nvidia_cusparse_cu12-12.1.0.106-py3-none-win_amd64.whl", hash = "sha256:b798237e81b9719373e8fae8d4f091b70a0cf09d9d85c95a557e11df2d8e9a5a", size = 195414588 },
]

[[package]]
name = "nvidia-nccl-cu12"
version = "2.20.5"
source = { registry = "https://pypi.org/simple" }
wheels = [
    { url = "https://files.pythonhosted.org/packages/c1/bb/d09dda47c881f9ff504afd6f9ca4f502ded6d8fc2f572cacc5e39da91c28/nvidia_nccl_cu12-2.20.5-py3-none-manylinux2014_aarch64.whl", hash = "sha256:1fc150d5c3250b170b29410ba682384b14581db722b2531b0d8d33c595f33d01", size = 176238458 },
    { url = "https://files.pythonhosted.org/packages/4b/2a/0a131f572aa09f741c30ccd45a8e56316e8be8dfc7bc19bf0ab7cfef7b19/nvidia_nccl_cu12-2.20.5-py3-none-manylinux2014_x86_64.whl", hash = "sha256:057f6bf9685f75215d0c53bf3ac4a10b3e6578351de307abad9e18a99182af56", size = 176249402 },
]

[[package]]
name = "nvidia-nvjitlink-cu12"
version = "12.6.77"
source = { registry = "https://pypi.org/simple" }
wheels = [
    { url = "https://files.pythonhosted.org/packages/11/8c/386018fdffdce2ff8d43fedf192ef7d14cab7501cbf78a106dd2e9f1fc1f/nvidia_nvjitlink_cu12-12.6.77-py3-none-manylinux2014_aarch64.whl", hash = "sha256:3bf10d85bb1801e9c894c6e197e44dd137d2a0a9e43f8450e9ad13f2df0dd52d", size = 19270432 },
    { url = "https://files.pythonhosted.org/packages/fe/e4/486de766851d58699bcfeb3ba6a3beb4d89c3809f75b9d423b9508a8760f/nvidia_nvjitlink_cu12-12.6.77-py3-none-manylinux2014_x86_64.whl", hash = "sha256:9ae346d16203ae4ea513be416495167a0101d33d2d14935aa9c1829a3fb45142", size = 19745114 },
    { url = "https://files.pythonhosted.org/packages/1a/aa/7b5d8e22d73e03f941293ae62c993642fa41e6525f3213292e007621aa8e/nvidia_nvjitlink_cu12-12.6.77-py3-none-win_amd64.whl", hash = "sha256:410718cd44962bed862a31dd0318620f6f9a8b28a6291967bcfcb446a6516771", size = 161917250 },
]

[[package]]
name = "nvidia-nvtx-cu12"
version = "12.1.105"
source = { registry = "https://pypi.org/simple" }
wheels = [
    { url = "https://files.pythonhosted.org/packages/da/d3/8057f0587683ed2fcd4dbfbdfdfa807b9160b809976099d36b8f60d08f03/nvidia_nvtx_cu12-12.1.105-py3-none-manylinux1_x86_64.whl", hash = "sha256:dc21cf308ca5691e7c04d962e213f8a4aa9bbfa23d95412f452254c2caeb09e5", size = 99138 },
    { url = "https://files.pythonhosted.org/packages/b8/d7/bd7cb2d95ac6ac6e8d05bfa96cdce69619f1ef2808e072919044c2d47a8c/nvidia_nvtx_cu12-12.1.105-py3-none-win_amd64.whl", hash = "sha256:65f4d98982b31b60026e0e6de73fbdfc09d08a96f4656dd3665ca616a11e1e82", size = 66307 },
]

[[package]]
name = "platformdirs"
version = "4.3.6"
source = { registry = "https://pypi.org/simple" }
sdist = { url = "https://files.pythonhosted.org/packages/13/fc/128cc9cb8f03208bdbf93d3aa862e16d376844a14f9a0ce5cf4507372de4/platformdirs-4.3.6.tar.gz", hash = "sha256:357fb2acbc885b0419afd3ce3ed34564c13c9b95c89360cd9563f73aa5e2b907", size = 21302 }
wheels = [
    { url = "https://files.pythonhosted.org/packages/3c/a6/bc1012356d8ece4d66dd75c4b9fc6c1f6650ddd5991e421177d9f8f671be/platformdirs-4.3.6-py3-none-any.whl", hash = "sha256:73e575e1408ab8103900836b97580d5307456908a03e92031bab39e4554cc3fb", size = 18439 },
]

[[package]]
name = "pre-commit"
version = "4.0.1"
source = { registry = "https://pypi.org/simple" }
dependencies = [
    { name = "cfgv" },
    { name = "identify" },
    { name = "nodeenv" },
    { name = "pyyaml" },
    { name = "virtualenv" },
]
sdist = { url = "https://files.pythonhosted.org/packages/2e/c8/e22c292035f1bac8b9f5237a2622305bc0304e776080b246f3df57c4ff9f/pre_commit-4.0.1.tar.gz", hash = "sha256:80905ac375958c0444c65e9cebebd948b3cdb518f335a091a670a89d652139d2", size = 191678 }
wheels = [
    { url = "https://files.pythonhosted.org/packages/16/8f/496e10d51edd6671ebe0432e33ff800aa86775d2d147ce7d43389324a525/pre_commit-4.0.1-py2.py3-none-any.whl", hash = "sha256:efde913840816312445dc98787724647c65473daefe420785f885e8ed9a06878", size = 218713 },
]

[[package]]
name = "pyyaml"
version = "6.0.2"
source = { registry = "https://pypi.org/simple" }
sdist = { url = "https://files.pythonhosted.org/packages/54/ed/79a089b6be93607fa5cdaedf301d7dfb23af5f25c398d5ead2525b063e17/pyyaml-6.0.2.tar.gz", hash = "sha256:d584d9ec91ad65861cc08d42e834324ef890a082e591037abe114850ff7bbc3e", size = 130631 }
wheels = [
    { url = "https://files.pythonhosted.org/packages/9b/95/a3fac87cb7158e231b5a6012e438c647e1a87f09f8e0d123acec8ab8bf71/PyYAML-6.0.2-cp310-cp310-macosx_10_9_x86_64.whl", hash = "sha256:0a9a2848a5b7feac301353437eb7d5957887edbf81d56e903999a75a3d743086", size = 184199 },
    { url = "https://files.pythonhosted.org/packages/c7/7a/68bd47624dab8fd4afbfd3c48e3b79efe09098ae941de5b58abcbadff5cb/PyYAML-6.0.2-cp310-cp310-macosx_11_0_arm64.whl", hash = "sha256:29717114e51c84ddfba879543fb232a6ed60086602313ca38cce623c1d62cfbf", size = 171758 },
    { url = "https://files.pythonhosted.org/packages/49/ee/14c54df452143b9ee9f0f29074d7ca5516a36edb0b4cc40c3f280131656f/PyYAML-6.0.2-cp310-cp310-manylinux_2_17_aarch64.manylinux2014_aarch64.whl", hash = "sha256:8824b5a04a04a047e72eea5cec3bc266db09e35de6bdfe34c9436ac5ee27d237", size = 718463 },
    { url = "https://files.pythonhosted.org/packages/4d/61/de363a97476e766574650d742205be468921a7b532aa2499fcd886b62530/PyYAML-6.0.2-cp310-cp310-manylinux_2_17_s390x.manylinux2014_s390x.whl", hash = "sha256:7c36280e6fb8385e520936c3cb3b8042851904eba0e58d277dca80a5cfed590b", size = 719280 },
    { url = "https://files.pythonhosted.org/packages/6b/4e/1523cb902fd98355e2e9ea5e5eb237cbc5f3ad5f3075fa65087aa0ecb669/PyYAML-6.0.2-cp310-cp310-manylinux_2_17_x86_64.manylinux2014_x86_64.whl", hash = "sha256:ec031d5d2feb36d1d1a24380e4db6d43695f3748343d99434e6f5f9156aaa2ed", size = 751239 },
    { url = "https://files.pythonhosted.org/packages/b7/33/5504b3a9a4464893c32f118a9cc045190a91637b119a9c881da1cf6b7a72/PyYAML-6.0.2-cp310-cp310-musllinux_1_1_aarch64.whl", hash = "sha256:936d68689298c36b53b29f23c6dbb74de12b4ac12ca6cfe0e047bedceea56180", size = 695802 },
    { url = "https://files.pythonhosted.org/packages/5c/20/8347dcabd41ef3a3cdc4f7b7a2aff3d06598c8779faa189cdbf878b626a4/PyYAML-6.0.2-cp310-cp310-musllinux_1_1_x86_64.whl", hash = "sha256:23502f431948090f597378482b4812b0caae32c22213aecf3b55325e049a6c68", size = 720527 },
    { url = "https://files.pythonhosted.org/packages/be/aa/5afe99233fb360d0ff37377145a949ae258aaab831bde4792b32650a4378/PyYAML-6.0.2-cp310-cp310-win32.whl", hash = "sha256:2e99c6826ffa974fe6e27cdb5ed0021786b03fc98e5ee3c5bfe1fd5015f42b99", size = 144052 },
    { url = "https://files.pythonhosted.org/packages/b5/84/0fa4b06f6d6c958d207620fc60005e241ecedceee58931bb20138e1e5776/PyYAML-6.0.2-cp310-cp310-win_amd64.whl", hash = "sha256:a4d3091415f010369ae4ed1fc6b79def9416358877534caf6a0fdd2146c87a3e", size = 161774 },
    { url = "https://files.pythonhosted.org/packages/f8/aa/7af4e81f7acba21a4c6be026da38fd2b872ca46226673c89a758ebdc4fd2/PyYAML-6.0.2-cp311-cp311-macosx_10_9_x86_64.whl", hash = "sha256:cc1c1159b3d456576af7a3e4d1ba7e6924cb39de8f67111c735f6fc832082774", size = 184612 },
    { url = "https://files.pythonhosted.org/packages/8b/62/b9faa998fd185f65c1371643678e4d58254add437edb764a08c5a98fb986/PyYAML-6.0.2-cp311-cp311-macosx_11_0_arm64.whl", hash = "sha256:1e2120ef853f59c7419231f3bf4e7021f1b936f6ebd222406c3b60212205d2ee", size = 172040 },
    { url = "https://files.pythonhosted.org/packages/ad/0c/c804f5f922a9a6563bab712d8dcc70251e8af811fce4524d57c2c0fd49a4/PyYAML-6.0.2-cp311-cp311-manylinux_2_17_aarch64.manylinux2014_aarch64.whl", hash = "sha256:5d225db5a45f21e78dd9358e58a98702a0302f2659a3c6cd320564b75b86f47c", size = 736829 },
    { url = "https://files.pythonhosted.org/packages/51/16/6af8d6a6b210c8e54f1406a6b9481febf9c64a3109c541567e35a49aa2e7/PyYAML-6.0.2-cp311-cp311-manylinux_2_17_s390x.manylinux2014_s390x.whl", hash = "sha256:5ac9328ec4831237bec75defaf839f7d4564be1e6b25ac710bd1a96321cc8317", size = 764167 },
    { url = "https://files.pythonhosted.org/packages/75/e4/2c27590dfc9992f73aabbeb9241ae20220bd9452df27483b6e56d3975cc5/PyYAML-6.0.2-cp311-cp311-manylinux_2_17_x86_64.manylinux2014_x86_64.whl", hash = "sha256:3ad2a3decf9aaba3d29c8f537ac4b243e36bef957511b4766cb0057d32b0be85", size = 762952 },
    { url = "https://files.pythonhosted.org/packages/9b/97/ecc1abf4a823f5ac61941a9c00fe501b02ac3ab0e373c3857f7d4b83e2b6/PyYAML-6.0.2-cp311-cp311-musllinux_1_1_aarch64.whl", hash = "sha256:ff3824dc5261f50c9b0dfb3be22b4567a6f938ccce4587b38952d85fd9e9afe4", size = 735301 },
    { url = "https://files.pythonhosted.org/packages/45/73/0f49dacd6e82c9430e46f4a027baa4ca205e8b0a9dce1397f44edc23559d/PyYAML-6.0.2-cp311-cp311-musllinux_1_1_x86_64.whl", hash = "sha256:797b4f722ffa07cc8d62053e4cff1486fa6dc094105d13fea7b1de7d8bf71c9e", size = 756638 },
    { url = "https://files.pythonhosted.org/packages/22/5f/956f0f9fc65223a58fbc14459bf34b4cc48dec52e00535c79b8db361aabd/PyYAML-6.0.2-cp311-cp311-win32.whl", hash = "sha256:11d8f3dd2b9c1207dcaf2ee0bbbfd5991f571186ec9cc78427ba5bd32afae4b5", size = 143850 },
    { url = "https://files.pythonhosted.org/packages/ed/23/8da0bbe2ab9dcdd11f4f4557ccaf95c10b9811b13ecced089d43ce59c3c8/PyYAML-6.0.2-cp311-cp311-win_amd64.whl", hash = "sha256:e10ce637b18caea04431ce14fabcf5c64a1c61ec9c56b071a4b7ca131ca52d44", size = 161980 },
    { url = "https://files.pythonhosted.org/packages/86/0c/c581167fc46d6d6d7ddcfb8c843a4de25bdd27e4466938109ca68492292c/PyYAML-6.0.2-cp312-cp312-macosx_10_9_x86_64.whl", hash = "sha256:c70c95198c015b85feafc136515252a261a84561b7b1d51e3384e0655ddf25ab", size = 183873 },
    { url = "https://files.pythonhosted.org/packages/a8/0c/38374f5bb272c051e2a69281d71cba6fdb983413e6758b84482905e29a5d/PyYAML-6.0.2-cp312-cp312-macosx_11_0_arm64.whl", hash = "sha256:ce826d6ef20b1bc864f0a68340c8b3287705cae2f8b4b1d932177dcc76721725", size = 173302 },
    { url = "https://files.pythonhosted.org/packages/c3/93/9916574aa8c00aa06bbac729972eb1071d002b8e158bd0e83a3b9a20a1f7/PyYAML-6.0.2-cp312-cp312-manylinux_2_17_aarch64.manylinux2014_aarch64.whl", hash = "sha256:1f71ea527786de97d1a0cc0eacd1defc0985dcf6b3f17bb77dcfc8c34bec4dc5", size = 739154 },
    { url = "https://files.pythonhosted.org/packages/95/0f/b8938f1cbd09739c6da569d172531567dbcc9789e0029aa070856f123984/PyYAML-6.0.2-cp312-cp312-manylinux_2_17_s390x.manylinux2014_s390x.whl", hash = "sha256:9b22676e8097e9e22e36d6b7bda33190d0d400f345f23d4065d48f4ca7ae0425", size = 766223 },
    { url = "https://files.pythonhosted.org/packages/b9/2b/614b4752f2e127db5cc206abc23a8c19678e92b23c3db30fc86ab731d3bd/PyYAML-6.0.2-cp312-cp312-manylinux_2_17_x86_64.manylinux2014_x86_64.whl", hash = "sha256:80bab7bfc629882493af4aa31a4cfa43a4c57c83813253626916b8c7ada83476", size = 767542 },
    { url = "https://files.pythonhosted.org/packages/d4/00/dd137d5bcc7efea1836d6264f049359861cf548469d18da90cd8216cf05f/PyYAML-6.0.2-cp312-cp312-musllinux_1_1_aarch64.whl", hash = "sha256:0833f8694549e586547b576dcfaba4a6b55b9e96098b36cdc7ebefe667dfed48", size = 731164 },
    { url = "https://files.pythonhosted.org/packages/c9/1f/4f998c900485e5c0ef43838363ba4a9723ac0ad73a9dc42068b12aaba4e4/PyYAML-6.0.2-cp312-cp312-musllinux_1_1_x86_64.whl", hash = "sha256:8b9c7197f7cb2738065c481a0461e50ad02f18c78cd75775628afb4d7137fb3b", size = 756611 },
    { url = "https://files.pythonhosted.org/packages/df/d1/f5a275fdb252768b7a11ec63585bc38d0e87c9e05668a139fea92b80634c/PyYAML-6.0.2-cp312-cp312-win32.whl", hash = "sha256:ef6107725bd54b262d6dedcc2af448a266975032bc85ef0172c5f059da6325b4", size = 140591 },
    { url = "https://files.pythonhosted.org/packages/0c/e8/4f648c598b17c3d06e8753d7d13d57542b30d56e6c2dedf9c331ae56312e/PyYAML-6.0.2-cp312-cp312-win_amd64.whl", hash = "sha256:7e7401d0de89a9a855c839bc697c079a4af81cf878373abd7dc625847d25cbd8", size = 156338 },
    { url = "https://files.pythonhosted.org/packages/ef/e3/3af305b830494fa85d95f6d95ef7fa73f2ee1cc8ef5b495c7c3269fb835f/PyYAML-6.0.2-cp313-cp313-macosx_10_13_x86_64.whl", hash = "sha256:efdca5630322a10774e8e98e1af481aad470dd62c3170801852d752aa7a783ba", size = 181309 },
    { url = "https://files.pythonhosted.org/packages/45/9f/3b1c20a0b7a3200524eb0076cc027a970d320bd3a6592873c85c92a08731/PyYAML-6.0.2-cp313-cp313-macosx_11_0_arm64.whl", hash = "sha256:50187695423ffe49e2deacb8cd10510bc361faac997de9efef88badc3bb9e2d1", size = 171679 },
    { url = "https://files.pythonhosted.org/packages/7c/9a/337322f27005c33bcb656c655fa78325b730324c78620e8328ae28b64d0c/PyYAML-6.0.2-cp313-cp313-manylinux_2_17_aarch64.manylinux2014_aarch64.whl", hash = "sha256:0ffe8360bab4910ef1b9e87fb812d8bc0a308b0d0eef8c8f44e0254ab3b07133", size = 733428 },
    { url = "https://files.pythonhosted.org/packages/a3/69/864fbe19e6c18ea3cc196cbe5d392175b4cf3d5d0ac1403ec3f2d237ebb5/PyYAML-6.0.2-cp313-cp313-manylinux_2_17_s390x.manylinux2014_s390x.whl", hash = "sha256:17e311b6c678207928d649faa7cb0d7b4c26a0ba73d41e99c4fff6b6c3276484", size = 763361 },
    { url = "https://files.pythonhosted.org/packages/04/24/b7721e4845c2f162d26f50521b825fb061bc0a5afcf9a386840f23ea19fa/PyYAML-6.0.2-cp313-cp313-manylinux_2_17_x86_64.manylinux2014_x86_64.whl", hash = "sha256:70b189594dbe54f75ab3a1acec5f1e3faa7e8cf2f1e08d9b561cb41b845f69d5", size = 759523 },
    { url = "https://files.pythonhosted.org/packages/2b/b2/e3234f59ba06559c6ff63c4e10baea10e5e7df868092bf9ab40e5b9c56b6/PyYAML-6.0.2-cp313-cp313-musllinux_1_1_aarch64.whl", hash = "sha256:41e4e3953a79407c794916fa277a82531dd93aad34e29c2a514c2c0c5fe971cc", size = 726660 },
    { url = "https://files.pythonhosted.org/packages/fe/0f/25911a9f080464c59fab9027482f822b86bf0608957a5fcc6eaac85aa515/PyYAML-6.0.2-cp313-cp313-musllinux_1_1_x86_64.whl", hash = "sha256:68ccc6023a3400877818152ad9a1033e3db8625d899c72eacb5a668902e4d652", size = 751597 },
    { url = "https://files.pythonhosted.org/packages/14/0d/e2c3b43bbce3cf6bd97c840b46088a3031085179e596d4929729d8d68270/PyYAML-6.0.2-cp313-cp313-win32.whl", hash = "sha256:bc2fa7c6b47d6bc618dd7fb02ef6fdedb1090ec036abab80d4681424b84c1183", size = 140527 },
    { url = "https://files.pythonhosted.org/packages/fa/de/02b54f42487e3d3c6efb3f89428677074ca7bf43aae402517bc7cca949f3/PyYAML-6.0.2-cp313-cp313-win_amd64.whl", hash = "sha256:8388ee1976c416731879ac16da0aff3f63b286ffdd57cdeb95f3f2e085687563", size = 156446 },
]

[[package]]
name = "sympy"
version = "1.13.3"
source = { registry = "https://pypi.org/simple" }
dependencies = [
    { name = "mpmath" },
]
sdist = { url = "https://files.pythonhosted.org/packages/11/8a/5a7fd6284fa8caac23a26c9ddf9c30485a48169344b4bd3b0f02fef1890f/sympy-1.13.3.tar.gz", hash = "sha256:b27fd2c6530e0ab39e275fc9b683895367e51d5da91baa8d3d64db2565fec4d9", size = 7533196 }
wheels = [
    { url = "https://files.pythonhosted.org/packages/99/ff/c87e0622b1dadea79d2fb0b25ade9ed98954c9033722eb707053d310d4f3/sympy-1.13.3-py3-none-any.whl", hash = "sha256:54612cf55a62755ee71824ce692986f23c88ffa77207b30c1368eda4a7060f73", size = 6189483 },
]

[[package]]
name = "torch"
version = "2.4.1"
source = { registry = "https://pypi.org/simple" }
dependencies = [
    { name = "filelock" },
    { name = "fsspec" },
    { name = "jinja2" },
    { name = "networkx" },
    { name = "nvidia-cublas-cu12", marker = "platform_machine == 'x86_64' and platform_system == 'Linux'" },
    { name = "nvidia-cuda-cupti-cu12", marker = "platform_machine == 'x86_64' and platform_system == 'Linux'" },
    { name = "nvidia-cuda-nvrtc-cu12", marker = "platform_machine == 'x86_64' and platform_system == 'Linux'" },
    { name = "nvidia-cuda-runtime-cu12", marker = "platform_machine == 'x86_64' and platform_system == 'Linux'" },
    { name = "nvidia-cudnn-cu12", marker = "platform_machine == 'x86_64' and platform_system == 'Linux'" },
    { name = "nvidia-cufft-cu12", marker = "platform_machine == 'x86_64' and platform_system == 'Linux'" },
    { name = "nvidia-curand-cu12", marker = "platform_machine == 'x86_64' and platform_system == 'Linux'" },
    { name = "nvidia-cusolver-cu12", marker = "platform_machine == 'x86_64' and platform_system == 'Linux'" },
    { name = "nvidia-cusparse-cu12", marker = "platform_machine == 'x86_64' and platform_system == 'Linux'" },
    { name = "nvidia-nccl-cu12", marker = "platform_machine == 'x86_64' and platform_system == 'Linux'" },
    { name = "nvidia-nvtx-cu12", marker = "platform_machine == 'x86_64' and platform_system == 'Linux'" },
    { name = "sympy" },
    { name = "triton", marker = "python_full_version < '3.13' and platform_machine == 'x86_64' and platform_system == 'Linux'" },
    { name = "typing-extensions" },
]
wheels = [
    { url = "https://files.pythonhosted.org/packages/41/05/d540049b1832d1062510efc6829634b7fbef5394c757d8312414fb65a3cb/torch-2.4.1-cp310-cp310-manylinux1_x86_64.whl", hash = "sha256:362f82e23a4cd46341daabb76fba08f04cd646df9bfaf5da50af97cb60ca4971", size = 797072810 },
    { url = "https://files.pythonhosted.org/packages/a0/12/2162df9c47386ae7cedbc938f9703fee4792d93504fab8608d541e71ece3/torch-2.4.1-cp310-cp310-manylinux2014_aarch64.whl", hash = "sha256:e8ac1985c3ff0f60d85b991954cfc2cc25f79c84545aead422763148ed2759e3", size = 89699259 },
    { url = "https://files.pythonhosted.org/packages/5d/4c/b2a59ff0e265f5ee154f0d81e948b1518b94f545357731e1a3245ee5d45b/torch-2.4.1-cp310-cp310-win_amd64.whl", hash = "sha256:91e326e2ccfb1496e3bee58f70ef605aeb27bd26be07ba64f37dcaac3d070ada", size = 199433813 },
    { url = "https://files.pythonhosted.org/packages/dc/fb/1333ba666bbd53846638dd75a7a1d4eaf964aff1c482fc046e2311a1b499/torch-2.4.1-cp310-none-macosx_11_0_arm64.whl", hash = "sha256:d36a8ef100f5bff3e9c3cea934b9e0d7ea277cb8210c7152d34a9a6c5830eadd", size = 62139309 },
    { url = "https://files.pythonhosted.org/packages/ea/ea/4ab009e953bca6ff35ad75b8ab58c0923308636c182c145dc63084f7d136/torch-2.4.1-cp311-cp311-manylinux1_x86_64.whl", hash = "sha256:0b5f88afdfa05a335d80351e3cea57d38e578c8689f751d35e0ff36bce872113", size = 797111232 },
    { url = "https://files.pythonhosted.org/packages/8f/a1/b31f94b4631c1731261db9fdc9a749ef58facc3b76094a6fe974f611f239/torch-2.4.1-cp311-cp311-manylinux2014_aarch64.whl", hash = "sha256:ef503165f2341942bfdf2bd520152f19540d0c0e34961232f134dc59ad435be8", size = 89719574 },
    { url = "https://files.pythonhosted.org/packages/5a/6a/775b93d6888c31f1f1fc457e4f5cc89f0984412d5dcdef792b8f2aa6e812/torch-2.4.1-cp311-cp311-win_amd64.whl", hash = "sha256:092e7c2280c860eff762ac08c4bdcd53d701677851670695e0c22d6d345b269c", size = 199436128 },
    { url = "https://files.pythonhosted.org/packages/1f/34/c93873c37f93154d982172755f7e504fdbae6c760499303a3111ce6ce327/torch-2.4.1-cp311-none-macosx_11_0_arm64.whl", hash = "sha256:ddddbd8b066e743934a4200b3d54267a46db02106876d21cf31f7da7a96f98ea", size = 62145176 },
    { url = "https://files.pythonhosted.org/packages/cc/df/5204a13a7a973c23c7ade615bafb1a3112b5d0ec258d8390f078fa4ab0f7/torch-2.4.1-cp312-cp312-manylinux1_x86_64.whl", hash = "sha256:fdc4fe11db3eb93c1115d3e973a27ac7c1a8318af8934ffa36b0370efe28e042", size = 797019590 },
    { url = "https://files.pythonhosted.org/packages/4f/16/d23a689e5ef8001ed2ace1a3a59f2fda842889b0c3f3877799089925282a/torch-2.4.1-cp312-cp312-manylinux2014_aarch64.whl", hash = "sha256:18835374f599207a9e82c262153c20ddf42ea49bc76b6eadad8e5f49729f6e4d", size = 89613802 },
    { url = "https://files.pythonhosted.org/packages/a8/e0/ca8354dfb8d834a76da51b06e8248b70fc182bc163540507919124974bdf/torch-2.4.1-cp312-cp312-win_amd64.whl", hash = "sha256:ebea70ff30544fc021d441ce6b219a88b67524f01170b1c538d7d3ebb5e7f56c", size = 199387694 },
    { url = "https://files.pythonhosted.org/packages/ac/30/8b6f77ea4ce84f015ee024b8dfef0dac289396254e8bfd493906d4cbb848/torch-2.4.1-cp312-none-macosx_11_0_arm64.whl", hash = "sha256:72b484d5b6cec1a735bf3fa5a1c4883d01748698c5e9cfdbeb4ffab7c7987e0d", size = 62123443 },
]

[[package]]
name = "triton"
version = "3.0.0"
source = { registry = "https://pypi.org/simple" }
dependencies = [
    { name = "filelock" },
]
wheels = [
    { url = "https://files.pythonhosted.org/packages/45/27/14cc3101409b9b4b9241d2ba7deaa93535a217a211c86c4cc7151fb12181/triton-3.0.0-1-cp310-cp310-manylinux2014_x86_64.manylinux_2_17_x86_64.whl", hash = "sha256:e1efef76935b2febc365bfadf74bcb65a6f959a9872e5bddf44cc9e0adce1e1a", size = 209376304 },
    { url = "https://files.pythonhosted.org/packages/33/3e/a2f59384587eff6aeb7d37b6780de7fedd2214935e27520430ca9f5b7975/triton-3.0.0-1-cp311-cp311-manylinux2014_x86_64.manylinux_2_17_x86_64.whl", hash = "sha256:5ce8520437c602fb633f1324cc3871c47bee3b67acf9756c1a66309b60e3216c", size = 209438883 },
    { url = "https://files.pythonhosted.org/packages/fe/7b/7757205dee3628f75e7991021d15cd1bd0c9b044ca9affe99b50879fc0e1/triton-3.0.0-1-cp312-cp312-manylinux2014_x86_64.manylinux_2_17_x86_64.whl", hash = "sha256:34e509deb77f1c067d8640725ef00c5cbfcb2052a1a3cb6a6d343841f92624eb", size = 209464695 },
]

[[package]]
name = "typing-extensions"
version = "4.12.2"
source = { registry = "https://pypi.org/simple" }
sdist = { url = "https://files.pythonhosted.org/packages/df/db/f35a00659bc03fec321ba8bce9420de607a1d37f8342eee1863174c69557/typing_extensions-4.12.2.tar.gz", hash = "sha256:1a7ead55c7e559dd4dee8856e3a88b41225abfe1ce8df57b7c13915fe121ffb8", size = 85321 }
wheels = [
    { url = "https://files.pythonhosted.org/packages/26/9f/ad63fc0248c5379346306f8668cda6e2e2e9c95e01216d2b8ffd9ff037d0/typing_extensions-4.12.2-py3-none-any.whl", hash = "sha256:04e5ca0351e0f3f85c6853954072df659d0d13fac324d0072316b67d7794700d", size = 37438 },
]

[[package]]
name = "virtualenv"
version = "20.26.6"
source = { registry = "https://pypi.org/simple" }
dependencies = [
    { name = "distlib" },
    { name = "filelock" },
    { name = "platformdirs" },
]
sdist = { url = "https://files.pythonhosted.org/packages/3f/40/abc5a766da6b0b2457f819feab8e9203cbeae29327bd241359f866a3da9d/virtualenv-20.26.6.tar.gz", hash = "sha256:280aede09a2a5c317e409a00102e7077c6432c5a38f0ef938e643805a7ad2c48", size = 9372482 }
wheels = [
    { url = "https://files.pythonhosted.org/packages/59/90/57b8ac0c8a231545adc7698c64c5a36fa7cd8e376c691b9bde877269f2eb/virtualenv-20.26.6-py3-none-any.whl", hash = "sha256:7345cc5b25405607a624d8418154577459c3e0277f5466dd79c49d5e492995f2", size = 5999862 },
]
